
Microsoft Visual Studio Solution File, Format Version 11.00
# Visual C# Express 2010
Project("{FAE04EC0-301F-11D3-BF4B-00C04F79EFBC}") = "PuzzlePathDimension", "PuzzlePathDimension\PuzzlePathDimension\PuzzlePathDimension.csproj", "{577F58B7-7D36-43D8-9B8A-4DBEDA268DA1}"
EndProject
Project("{96E2B04D-8817-42C6-938A-82C39BA4D311}") = "PuzzlePathDimensionContent", "PuzzlePathDimension\PuzzlePathDimensionContent\PuzzlePathDimensionContent.contentproj", "{657F40EF-1F09-4A28-ADD4-41C5EDBF0212}"
EndProject
Global
	GlobalSection(SolutionConfigurationPlatforms) = preSolution
		Debug|x86 = Debug|x86
		Release|x86 = Release|x86
	EndGlobalSection
	GlobalSection(ProjectConfigurationPlatforms) = postSolution
		{577F58B7-7D36-43D8-9B8A-4DBEDA268DA1}.Debug|x86.ActiveCfg = Debug|x86
		{577F58B7-7D36-43D8-9B8A-4DBEDA268DA1}.Debug|x86.Build.0 = Debug|x86
		{577F58B7-7D36-43D8-9B8A-4DBEDA268DA1}.Release|x86.ActiveCfg = Release|x86
		{577F58B7-7D36-43D8-9B8A-4DBEDA268DA1}.Release|x86.Build.0 = Release|x86
		{657F40EF-1F09-4A28-ADD4-41C5EDBF0212}.Debug|x86.ActiveCfg = Debug|x86
		{657F40EF-1F09-4A28-ADD4-41C5EDBF0212}.Release|x86.ActiveCfg = Release|x86
	EndGlobalSection
	GlobalSection(SolutionProperties) = preSolution
		HideSolutionNode = FALSE
	EndGlobalSection
EndGlobal
